
Microsoft Visual Studio Solution File, Format Version 12.00
# Visual Studio Version 16
VisualStudioVersion = 16.0.31515.178
MinimumVisualStudioVersion = 10.0.40219.1
Project("{8BC9CEB8-8B4A-11D0-8D11-00A0C91BC942}") = "Chapter12_00_polymorphism", "Chapter12_00_polymorphism\Chapter12_00_polymorphism.vcxproj", "{22C677C6-2B2F-499D-8996-FBF6DC4C21F3}"
EndProject
Project("{8BC9CEB8-8B4A-11D0-8D11-00A0C91BC942}") = "Chapter12_01_virtualFunction", "Chapter12_01_virtualFunction\Chapter12_01_virtualFunction.vcxproj", "{2FA2C997-FBC6-4999-BFC5-A4FEFC17E7FB}"
EndProject
Project("{8BC9CEB8-8B4A-11D0-8D11-00A0C91BC942}") = "Chapter12_02_DynamicCasting", "Chapter12_02_DynamicCasting\Chapter12_02_DynamicCasting.vcxproj", "{258E5C41-6A7F-498A-A92B-B36B23E44F3C}"
EndProject
Global
	GlobalSection(SolutionConfigurationPlatforms) = preSolution
		Debug|x64 = Debug|x64
		Debug|x86 = Debug|x86
		Release|x64 = Release|x64
		Release|x86 = Release|x86
	EndGlobalSection
	GlobalSection(ProjectConfigurationPlatforms) = postSolution
		{22C677C6-2B2F-499D-8996-FBF6DC4C21F3}.Debug|x64.ActiveCfg = Debug|x64
		{22C677C6-2B2F-499D-8996-FBF6DC4C21F3}.Debug|x64.Build.0 = Debug|x64
		{22C677C6-2B2F-499D-8996-FBF6DC4C21F3}.Debug|x86.ActiveCfg = Debug|Win32
		{22C677C6-2B2F-499D-8996-FBF6DC4C21F3}.Debug|x86.Build.0 = Debug|Win32
		{22C677C6-2B2F-499D-8996-FBF6DC4C21F3}.Release|x64.ActiveCfg = Release|x64
		{22C677C6-2B2F-499D-8996-FBF6DC4C21F3}.Release|x64.Build.0 = Release|x64
		{22C677C6-2B2F-499D-8996-FBF6DC4C21F3}.Release|x86.ActiveCfg = Release|Win32
		{22C677C6-2B2F-499D-8996-FBF6DC4C21F3}.Release|x86.Build.0 = Release|Win32
		{2FA2C997-FBC6-4999-BFC5-A4FEFC17E7FB}.Debug|x64.ActiveCfg = Debug|x64
		{2FA2C997-FBC6-4999-BFC5-A4FEFC17E7FB}.Debug|x64.Build.0 = Debug|x64
		{2FA2C997-FBC6-4999-BFC5-A4FEFC17E7FB}.Debug|x86.ActiveCfg = Debug|Win32
		{2FA2C997-FBC6-4999-BFC5-A4FEFC17E7FB}.Debug|x86.Build.0 = Debug|Win32
		{2FA2C997-FBC6-4999-BFC5-A4FEFC17E7FB}.Release|x64.ActiveCfg = Release|x64
		{2FA2C997-FBC6-4999-BFC5-A4FEFC17E7FB}.Release|x64.Build.0 = Release|x64
		{2FA2C997-FBC6-4999-BFC5-A4FEFC17E7FB}.Release|x86.ActiveCfg = Release|Win32
		{2FA2C997-FBC6-4999-BFC5-A4FEFC17E7FB}.Release|x86.Build.0 = Release|Win32
		{258E5C41-6A7F-498A-A92B-B36B23E44F3C}.Debug|x64.ActiveCfg = Debug|x64
		{258E5C41-6A7F-498A-A92B-B36B23E44F3C}.Debug|x64.Build.0 = Debug|x64
		{258E5C41-6A7F-498A-A92B-B36B23E44F3C}.Debug|x86.ActiveCfg = Debug|Win32
		{258E5C41-6A7F-498A-A92B-B36B23E44F3C}.Debug|x86.Build.0 = Debug|Win32
		{258E5C41-6A7F-498A-A92B-B36B23E44F3C}.Release|x64.ActiveCfg = Release|x64
		{258E5C41-6A7F-498A-A92B-B36B23E44F3C}.Release|x64.Build.0 = Release|x64
		{258E5C41-6A7F-498A-A92B-B36B23E44F3C}.Release|x86.ActiveCfg = Release|Win32
		{258E5C41-6A7F-498A-A92B-B36B23E44F3C}.Release|x86.Build.0 = Release|Win32
	EndGlobalSection
	GlobalSection(SolutionProperties) = preSolution
		HideSolutionNode = FALSE
	EndGlobalSection
	GlobalSection(ExtensibilityGlobals) = postSolution
		SolutionGuid = {9BE4615F-81C7-4142-A9AC-879B6450FA80}
	EndGlobalSection
EndGlobal
