
Microsoft Visual Studio Solution File, Format Version 12.00
# Visual Studio Version 16
VisualStudioVersion = 16.0.31424.327
MinimumVisualStudioVersion = 10.0.40219.1
Project("{8BC9CEB8-8B4A-11D0-8D11-00A0C91BC942}") = "Chapter7_01_Parameter", "Chapter7_01_Parameter\Chapter7_01_Parameter.vcxproj", "{5D3B49A7-51D9-40D6-A4BD-BE18CBF798FC}"
EndProject
Project("{8BC9CEB8-8B4A-11D0-8D11-00A0C91BC942}") = "Chapter7_02_passingArgumentsbyvalue", "Chapter7_02_passingArgumentsbyvalue\Chapter7_02_passingArgumentsbyvalue.vcxproj", "{7458EC0B-90AC-4B4C-A2B6-D71E7AE5F0AB}"
EndProject
Project("{8BC9CEB8-8B4A-11D0-8D11-00A0C91BC942}") = "Chapter7_03_callbyReference", "Chapter7_03_callbyReference\Chapter7_03_callbyReference.vcxproj", "{D536A282-14F6-4F95-9F55-DF77A78B2799}"
EndProject
Project("{8BC9CEB8-8B4A-11D0-8D11-00A0C91BC942}") = "Chapter7_04_callbyaddress", "Chapter7_04_callbyaddress\Chapter7_04_callbyaddress.vcxproj", "{E31D4D29-1A68-44C7-85AB-BA7B75620C61}"
EndProject
Project("{8BC9CEB8-8B4A-11D0-8D11-00A0C91BC942}") = "Chapter7_05_awayOfReturn", "Chapter7_05_awayOfReturn\Chapter7_05_awayOfReturn.vcxproj", "{6E283644-01FF-44B3-A577-99BD916EE2E3}"
EndProject
Project("{8BC9CEB8-8B4A-11D0-8D11-00A0C91BC942}") = "Chapter7_06_inlinefunction", "Chapter7_06_inlinefunction\Chapter7_06_inlinefunction.vcxproj", "{EFD52323-389A-4A4F-9529-523F71F94A92}"
EndProject
Project("{8BC9CEB8-8B4A-11D0-8D11-00A0C91BC942}") = "Chapter7_07_funcOverloading", "Chapter7_07_funcOverloading\Chapter7_07_funcOverloading.vcxproj", "{960F8A7F-D885-43CB-A34B-C6BAF4C5ED1A}"
EndProject
Project("{8BC9CEB8-8B4A-11D0-8D11-00A0C91BC942}") = "Chapter7_08_defaultParameter", "Chapter7_08_defaultParameter\Chapter7_08_defaultParameter.vcxproj", "{DE939280-07EC-4FAF-B1B0-1ECA0FDF8CE8}"
EndProject
Project("{8BC9CEB8-8B4A-11D0-8D11-00A0C91BC942}") = "Chapter7_09_PointerFunction", "Chapter7_09_PointerFunction\Chapter7_09_PointerFunction.vcxproj", "{68594ABE-B73A-4D83-A5AA-D51B9E25AC45}"
EndProject
Project("{8BC9CEB8-8B4A-11D0-8D11-00A0C91BC942}") = "Chapter7_10_HeapStack", "Chapter7_10_HeapStack\Chapter7_10_HeapStack.vcxproj", "{7F471848-31A2-41DF-A03D-F93951664E01}"
EndProject
Project("{8BC9CEB8-8B4A-11D0-8D11-00A0C91BC942}") = "Chapter7_11_vectorStack", "Chapter7_11_vectorStack\Chapter7_11_vectorStack.vcxproj", "{7B24261C-4D86-4156-8240-18ECAE2728FC}"
EndProject
Project("{8BC9CEB8-8B4A-11D0-8D11-00A0C91BC942}") = "Chapter7_12_recursiveFunction", "Chapter7_12_recursiveFunction\Chapter7_12_recursiveFunction.vcxproj", "{507434E3-7F65-4F73-BEA2-026290CE1E4A}"
EndProject
Project("{8BC9CEB8-8B4A-11D0-8D11-00A0C91BC942}") = "Chapter7_13_defensiveProgramming", "Chapter7_13_defensiveProgramming\Chapter7_13_defensiveProgramming.vcxproj", "{5F64559B-1B26-4B96-ADF2-B030A73A5E8F}"
EndProject
Project("{8BC9CEB8-8B4A-11D0-8D11-00A0C91BC942}") = "Chapter7_14_assert", "Chapter7_14_assert\Chapter7_14_assert.vcxproj", "{C2500B7E-A52F-44E7-8622-D348E7AABE29}"
EndProject
Project("{8BC9CEB8-8B4A-11D0-8D11-00A0C91BC942}") = "Chapter7_15_commandlineArgu", "Chapter7_15_commandlineArgu\Chapter7_15_commandlineArgu.vcxproj", "{01AFB191-B709-4D2D-8591-24081D36EC92}"
EndProject
Project("{8BC9CEB8-8B4A-11D0-8D11-00A0C91BC942}") = "Chapter7_16_Ellipsis", "Chapter7_15_Ellipsis\Chapter7_15_Ellipsis.vcxproj", "{9D747D8D-5256-479E-9271-A2064D9EB096}"
EndProject
Global
	GlobalSection(SolutionConfigurationPlatforms) = preSolution
		Debug|x64 = Debug|x64
		Debug|x86 = Debug|x86
		Release|x64 = Release|x64
		Release|x86 = Release|x86
	EndGlobalSection
	GlobalSection(ProjectConfigurationPlatforms) = postSolution
		{5D3B49A7-51D9-40D6-A4BD-BE18CBF798FC}.Debug|x64.ActiveCfg = Debug|x64
		{5D3B49A7-51D9-40D6-A4BD-BE18CBF798FC}.Debug|x64.Build.0 = Debug|x64
		{5D3B49A7-51D9-40D6-A4BD-BE18CBF798FC}.Debug|x86.ActiveCfg = Debug|Win32
		{5D3B49A7-51D9-40D6-A4BD-BE18CBF798FC}.Debug|x86.Build.0 = Debug|Win32
		{5D3B49A7-51D9-40D6-A4BD-BE18CBF798FC}.Release|x64.ActiveCfg = Release|x64
		{5D3B49A7-51D9-40D6-A4BD-BE18CBF798FC}.Release|x64.Build.0 = Release|x64
		{5D3B49A7-51D9-40D6-A4BD-BE18CBF798FC}.Release|x86.ActiveCfg = Release|Win32
		{5D3B49A7-51D9-40D6-A4BD-BE18CBF798FC}.Release|x86.Build.0 = Release|Win32
		{7458EC0B-90AC-4B4C-A2B6-D71E7AE5F0AB}.Debug|x64.ActiveCfg = Debug|x64
		{7458EC0B-90AC-4B4C-A2B6-D71E7AE5F0AB}.Debug|x64.Build.0 = Debug|x64
		{7458EC0B-90AC-4B4C-A2B6-D71E7AE5F0AB}.Debug|x86.ActiveCfg = Debug|Win32
		{7458EC0B-90AC-4B4C-A2B6-D71E7AE5F0AB}.Debug|x86.Build.0 = Debug|Win32
		{7458EC0B-90AC-4B4C-A2B6-D71E7AE5F0AB}.Release|x64.ActiveCfg = Release|x64
		{7458EC0B-90AC-4B4C-A2B6-D71E7AE5F0AB}.Release|x64.Build.0 = Release|x64
		{7458EC0B-90AC-4B4C-A2B6-D71E7AE5F0AB}.Release|x86.ActiveCfg = Release|Win32
		{7458EC0B-90AC-4B4C-A2B6-D71E7AE5F0AB}.Release|x86.Build.0 = Release|Win32
		{D536A282-14F6-4F95-9F55-DF77A78B2799}.Debug|x64.ActiveCfg = Debug|x64
		{D536A282-14F6-4F95-9F55-DF77A78B2799}.Debug|x64.Build.0 = Debug|x64
		{D536A282-14F6-4F95-9F55-DF77A78B2799}.Debug|x86.ActiveCfg = Debug|Win32
		{D536A282-14F6-4F95-9F55-DF77A78B2799}.Debug|x86.Build.0 = Debug|Win32
		{D536A282-14F6-4F95-9F55-DF77A78B2799}.Release|x64.ActiveCfg = Release|x64
		{D536A282-14F6-4F95-9F55-DF77A78B2799}.Release|x64.Build.0 = Release|x64
		{D536A282-14F6-4F95-9F55-DF77A78B2799}.Release|x86.ActiveCfg = Release|Win32
		{D536A282-14F6-4F95-9F55-DF77A78B2799}.Release|x86.Build.0 = Release|Win32
		{E31D4D29-1A68-44C7-85AB-BA7B75620C61}.Debug|x64.ActiveCfg = Debug|x64
		{E31D4D29-1A68-44C7-85AB-BA7B75620C61}.Debug|x64.Build.0 = Debug|x64
		{E31D4D29-1A68-44C7-85AB-BA7B75620C61}.Debug|x86.ActiveCfg = Debug|Win32
		{E31D4D29-1A68-44C7-85AB-BA7B75620C61}.Debug|x86.Build.0 = Debug|Win32
		{E31D4D29-1A68-44C7-85AB-BA7B75620C61}.Release|x64.ActiveCfg = Release|x64
		{E31D4D29-1A68-44C7-85AB-BA7B75620C61}.Release|x64.Build.0 = Release|x64
		{E31D4D29-1A68-44C7-85AB-BA7B75620C61}.Release|x86.ActiveCfg = Release|Win32
		{E31D4D29-1A68-44C7-85AB-BA7B75620C61}.Release|x86.Build.0 = Release|Win32
		{6E283644-01FF-44B3-A577-99BD916EE2E3}.Debug|x64.ActiveCfg = Debug|x64
		{6E283644-01FF-44B3-A577-99BD916EE2E3}.Debug|x64.Build.0 = Debug|x64
		{6E283644-01FF-44B3-A577-99BD916EE2E3}.Debug|x86.ActiveCfg = Debug|Win32
		{6E283644-01FF-44B3-A577-99BD916EE2E3}.Debug|x86.Build.0 = Debug|Win32
		{6E283644-01FF-44B3-A577-99BD916EE2E3}.Release|x64.ActiveCfg = Release|x64
		{6E283644-01FF-44B3-A577-99BD916EE2E3}.Release|x64.Build.0 = Release|x64
		{6E283644-01FF-44B3-A577-99BD916EE2E3}.Release|x86.ActiveCfg = Release|Win32
		{6E283644-01FF-44B3-A577-99BD916EE2E3}.Release|x86.Build.0 = Release|Win32
		{EFD52323-389A-4A4F-9529-523F71F94A92}.Debug|x64.ActiveCfg = Debug|x64
		{EFD52323-389A-4A4F-9529-523F71F94A92}.Debug|x64.Build.0 = Debug|x64
		{EFD52323-389A-4A4F-9529-523F71F94A92}.Debug|x86.ActiveCfg = Debug|Win32
		{EFD52323-389A-4A4F-9529-523F71F94A92}.Debug|x86.Build.0 = Debug|Win32
		{EFD52323-389A-4A4F-9529-523F71F94A92}.Release|x64.ActiveCfg = Release|x64
		{EFD52323-389A-4A4F-9529-523F71F94A92}.Release|x64.Build.0 = Release|x64
		{EFD52323-389A-4A4F-9529-523F71F94A92}.Release|x86.ActiveCfg = Release|Win32
		{EFD52323-389A-4A4F-9529-523F71F94A92}.Release|x86.Build.0 = Release|Win32
		{960F8A7F-D885-43CB-A34B-C6BAF4C5ED1A}.Debug|x64.ActiveCfg = Debug|x64
		{960F8A7F-D885-43CB-A34B-C6BAF4C5ED1A}.Debug|x64.Build.0 = Debug|x64
		{960F8A7F-D885-43CB-A34B-C6BAF4C5ED1A}.Debug|x86.ActiveCfg = Debug|Win32
		{960F8A7F-D885-43CB-A34B-C6BAF4C5ED1A}.Debug|x86.Build.0 = Debug|Win32
		{960F8A7F-D885-43CB-A34B-C6BAF4C5ED1A}.Release|x64.ActiveCfg = Release|x64
		{960F8A7F-D885-43CB-A34B-C6BAF4C5ED1A}.Release|x64.Build.0 = Release|x64
		{960F8A7F-D885-43CB-A34B-C6BAF4C5ED1A}.Release|x86.ActiveCfg = Release|Win32
		{960F8A7F-D885-43CB-A34B-C6BAF4C5ED1A}.Release|x86.Build.0 = Release|Win32
		{DE939280-07EC-4FAF-B1B0-1ECA0FDF8CE8}.Debug|x64.ActiveCfg = Debug|x64
		{DE939280-07EC-4FAF-B1B0-1ECA0FDF8CE8}.Debug|x64.Build.0 = Debug|x64
		{DE939280-07EC-4FAF-B1B0-1ECA0FDF8CE8}.Debug|x86.ActiveCfg = Debug|Win32
		{DE939280-07EC-4FAF-B1B0-1ECA0FDF8CE8}.Debug|x86.Build.0 = Debug|Win32
		{DE939280-07EC-4FAF-B1B0-1ECA0FDF8CE8}.Release|x64.ActiveCfg = Release|x64
		{DE939280-07EC-4FAF-B1B0-1ECA0FDF8CE8}.Release|x64.Build.0 = Release|x64
		{DE939280-07EC-4FAF-B1B0-1ECA0FDF8CE8}.Release|x86.ActiveCfg = Release|Win32
		{DE939280-07EC-4FAF-B1B0-1ECA0FDF8CE8}.Release|x86.Build.0 = Release|Win32
		{68594ABE-B73A-4D83-A5AA-D51B9E25AC45}.Debug|x64.ActiveCfg = Debug|x64
		{68594ABE-B73A-4D83-A5AA-D51B9E25AC45}.Debug|x64.Build.0 = Debug|x64
		{68594ABE-B73A-4D83-A5AA-D51B9E25AC45}.Debug|x86.ActiveCfg = Debug|Win32
		{68594ABE-B73A-4D83-A5AA-D51B9E25AC45}.Debug|x86.Build.0 = Debug|Win32
		{68594ABE-B73A-4D83-A5AA-D51B9E25AC45}.Release|x64.ActiveCfg = Release|x64
		{68594ABE-B73A-4D83-A5AA-D51B9E25AC45}.Release|x64.Build.0 = Release|x64
		{68594ABE-B73A-4D83-A5AA-D51B9E25AC45}.Release|x86.ActiveCfg = Release|Win32
		{68594ABE-B73A-4D83-A5AA-D51B9E25AC45}.Release|x86.Build.0 = Release|Win32
		{7F471848-31A2-41DF-A03D-F93951664E01}.Debug|x64.ActiveCfg = Debug|x64
		{7F471848-31A2-41DF-A03D-F93951664E01}.Debug|x64.Build.0 = Debug|x64
		{7F471848-31A2-41DF-A03D-F93951664E01}.Debug|x86.ActiveCfg = Debug|Win32
		{7F471848-31A2-41DF-A03D-F93951664E01}.Debug|x86.Build.0 = Debug|Win32
		{7F471848-31A2-41DF-A03D-F93951664E01}.Release|x64.ActiveCfg = Release|x64
		{7F471848-31A2-41DF-A03D-F93951664E01}.Release|x64.Build.0 = Release|x64
		{7F471848-31A2-41DF-A03D-F93951664E01}.Release|x86.ActiveCfg = Release|Win32
		{7F471848-31A2-41DF-A03D-F93951664E01}.Release|x86.Build.0 = Release|Win32
		{7B24261C-4D86-4156-8240-18ECAE2728FC}.Debug|x64.ActiveCfg = Debug|x64
		{7B24261C-4D86-4156-8240-18ECAE2728FC}.Debug|x64.Build.0 = Debug|x64
		{7B24261C-4D86-4156-8240-18ECAE2728FC}.Debug|x86.ActiveCfg = Debug|Win32
		{7B24261C-4D86-4156-8240-18ECAE2728FC}.Debug|x86.Build.0 = Debug|Win32
		{7B24261C-4D86-4156-8240-18ECAE2728FC}.Release|x64.ActiveCfg = Release|x64
		{7B24261C-4D86-4156-8240-18ECAE2728FC}.Release|x64.Build.0 = Release|x64
		{7B24261C-4D86-4156-8240-18ECAE2728FC}.Release|x86.ActiveCfg = Release|Win32
		{7B24261C-4D86-4156-8240-18ECAE2728FC}.Release|x86.Build.0 = Release|Win32
		{507434E3-7F65-4F73-BEA2-026290CE1E4A}.Debug|x64.ActiveCfg = Debug|x64
		{507434E3-7F65-4F73-BEA2-026290CE1E4A}.Debug|x64.Build.0 = Debug|x64
		{507434E3-7F65-4F73-BEA2-026290CE1E4A}.Debug|x86.ActiveCfg = Debug|Win32
		{507434E3-7F65-4F73-BEA2-026290CE1E4A}.Debug|x86.Build.0 = Debug|Win32
		{507434E3-7F65-4F73-BEA2-026290CE1E4A}.Release|x64.ActiveCfg = Release|x64
		{507434E3-7F65-4F73-BEA2-026290CE1E4A}.Release|x64.Build.0 = Release|x64
		{507434E3-7F65-4F73-BEA2-026290CE1E4A}.Release|x86.ActiveCfg = Release|Win32
		{507434E3-7F65-4F73-BEA2-026290CE1E4A}.Release|x86.Build.0 = Release|Win32
		{5F64559B-1B26-4B96-ADF2-B030A73A5E8F}.Debug|x64.ActiveCfg = Debug|x64
		{5F64559B-1B26-4B96-ADF2-B030A73A5E8F}.Debug|x64.Build.0 = Debug|x64
		{5F64559B-1B26-4B96-ADF2-B030A73A5E8F}.Debug|x86.ActiveCfg = Debug|Win32
		{5F64559B-1B26-4B96-ADF2-B030A73A5E8F}.Debug|x86.Build.0 = Debug|Win32
		{5F64559B-1B26-4B96-ADF2-B030A73A5E8F}.Release|x64.ActiveCfg = Release|x64
		{5F64559B-1B26-4B96-ADF2-B030A73A5E8F}.Release|x64.Build.0 = Release|x64
		{5F64559B-1B26-4B96-ADF2-B030A73A5E8F}.Release|x86.ActiveCfg = Release|Win32
		{5F64559B-1B26-4B96-ADF2-B030A73A5E8F}.Release|x86.Build.0 = Release|Win32
		{C2500B7E-A52F-44E7-8622-D348E7AABE29}.Debug|x64.ActiveCfg = Debug|x64
		{C2500B7E-A52F-44E7-8622-D348E7AABE29}.Debug|x64.Build.0 = Debug|x64
		{C2500B7E-A52F-44E7-8622-D348E7AABE29}.Debug|x86.ActiveCfg = Debug|Win32
		{C2500B7E-A52F-44E7-8622-D348E7AABE29}.Debug|x86.Build.0 = Debug|Win32
		{C2500B7E-A52F-44E7-8622-D348E7AABE29}.Release|x64.ActiveCfg = Release|x64
		{C2500B7E-A52F-44E7-8622-D348E7AABE29}.Release|x64.Build.0 = Release|x64
		{C2500B7E-A52F-44E7-8622-D348E7AABE29}.Release|x86.ActiveCfg = Release|Win32
		{C2500B7E-A52F-44E7-8622-D348E7AABE29}.Release|x86.Build.0 = Release|Win32
		{01AFB191-B709-4D2D-8591-24081D36EC92}.Debug|x64.ActiveCfg = Debug|x64
		{01AFB191-B709-4D2D-8591-24081D36EC92}.Debug|x64.Build.0 = Debug|x64
		{01AFB191-B709-4D2D-8591-24081D36EC92}.Debug|x86.ActiveCfg = Debug|Win32
		{01AFB191-B709-4D2D-8591-24081D36EC92}.Debug|x86.Build.0 = Debug|Win32
		{01AFB191-B709-4D2D-8591-24081D36EC92}.Release|x64.ActiveCfg = Release|x64
		{01AFB191-B709-4D2D-8591-24081D36EC92}.Release|x64.Build.0 = Release|x64
		{01AFB191-B709-4D2D-8591-24081D36EC92}.Release|x86.ActiveCfg = Release|Win32
		{01AFB191-B709-4D2D-8591-24081D36EC92}.Release|x86.Build.0 = Release|Win32
		{9D747D8D-5256-479E-9271-A2064D9EB096}.Debug|x64.ActiveCfg = Debug|x64
		{9D747D8D-5256-479E-9271-A2064D9EB096}.Debug|x64.Build.0 = Debug|x64
		{9D747D8D-5256-479E-9271-A2064D9EB096}.Debug|x86.ActiveCfg = Debug|Win32
		{9D747D8D-5256-479E-9271-A2064D9EB096}.Debug|x86.Build.0 = Debug|Win32
		{9D747D8D-5256-479E-9271-A2064D9EB096}.Release|x64.ActiveCfg = Release|x64
		{9D747D8D-5256-479E-9271-A2064D9EB096}.Release|x64.Build.0 = Release|x64
		{9D747D8D-5256-479E-9271-A2064D9EB096}.Release|x86.ActiveCfg = Release|Win32
		{9D747D8D-5256-479E-9271-A2064D9EB096}.Release|x86.Build.0 = Release|Win32
	EndGlobalSection
	GlobalSection(SolutionProperties) = preSolution
		HideSolutionNode = FALSE
	EndGlobalSection
	GlobalSection(ExtensibilityGlobals) = postSolution
		SolutionGuid = {983672AF-676E-44AD-A805-121E83D19F8C}
	EndGlobalSection
EndGlobal
